
Microsoft Visual Studio Solution File, Format Version 12.00
# Visual Studio Version 17
VisualStudioVersion = 17.6.33829.357
MinimumVisualStudioVersion = 10.0.40219.1
Project("{2150E333-8FDC-42A3-9474-1A3956D46DE8}") = "src", "src", "{6967E3C5-FEE5-4BEB-9274-AFD21B54D490}"
EndProject
Project("{9A19103F-16F7-4668-BE54-9A1E7A4F7556}") = "SuperMarket.Common", "Common\SuperMarket.Common.csproj", "{53543CD0-6AE4-4EDB-A5D4-AA162DAD456D}"
EndProject
Project("{9A19103F-16F7-4668-BE54-9A1E7A4F7556}") = "SuperMarket.Client", "Admin\SuperMarket.Client.csproj", "{CDFFB259-C0B0-480D-8A7D-6EA8AC6050F3}"
EndProject
Project("{2150E333-8FDC-42A3-9474-1A3956D46DE8}") = "Core", "Core", "{0FA3EDBC-C25F-4F6B-8089-6B6177B88C86}"
EndProject
Global
	GlobalSection(SolutionConfigurationPlatforms) = preSolution
		Debug|Any CPU = Debug|Any CPU
		Release|Any CPU = Release|Any CPU
	EndGlobalSection
	GlobalSection(ProjectConfigurationPlatforms) = postSolution
		{53543CD0-6AE4-4EDB-A5D4-AA162DAD456D}.Debug|Any CPU.ActiveCfg = Debug|Any CPU
		{53543CD0-6AE4-4EDB-A5D4-AA162DAD456D}.Debug|Any CPU.Build.0 = Debug|Any CPU
		{53543CD0-6AE4-4EDB-A5D4-AA162DAD456D}.Release|Any CPU.ActiveCfg = Release|Any CPU
		{53543CD0-6AE4-4EDB-A5D4-AA162DAD456D}.Release|Any CPU.Build.0 = Release|Any CPU
		{CDFFB259-C0B0-480D-8A7D-6EA8AC6050F3}.Debug|Any CPU.ActiveCfg = Debug|Any CPU
		{CDFFB259-C0B0-480D-8A7D-6EA8AC6050F3}.Debug|Any CPU.Build.0 = Debug|Any CPU
		{CDFFB259-C0B0-480D-8A7D-6EA8AC6050F3}.Release|Any CPU.ActiveCfg = Release|Any CPU
		{CDFFB259-C0B0-480D-8A7D-6EA8AC6050F3}.Release|Any CPU.Build.0 = Release|Any CPU
	EndGlobalSection
	GlobalSection(SolutionProperties) = preSolution
		HideSolutionNode = FALSE
	EndGlobalSection
	GlobalSection(NestedProjects) = preSolution
		{53543CD0-6AE4-4EDB-A5D4-AA162DAD456D} = {0FA3EDBC-C25F-4F6B-8089-6B6177B88C86}
		{CDFFB259-C0B0-480D-8A7D-6EA8AC6050F3} = {6967E3C5-FEE5-4BEB-9274-AFD21B54D490}
		{0FA3EDBC-C25F-4F6B-8089-6B6177B88C86} = {6967E3C5-FEE5-4BEB-9274-AFD21B54D490}
	EndGlobalSection
	GlobalSection(ExtensibilityGlobals) = postSolution
		SolutionGuid = {7813E103-BCFA-44D8-8AB3-D7A3E93E1B7A}
	EndGlobalSection
EndGlobal
